// !$*UTF8*$!
{
	archiveVersion = 1;
	classes = {
	};
	objectVersion = 55;
	objects = {

/* Begin PBXBuildFile section */
		4411D5DB29A799D00054ADE7 /* AppDelegate.swift in Sources */ = {isa = PBXBuildFile; fileRef = 4411D5DA29A799D00054ADE7 /* AppDelegate.swift */; };
		4411D5DD29A799D00054ADE7 /* SceneDelegate.swift in Sources */ = {isa = PBXBuildFile; fileRef = 4411D5DC29A799D00054ADE7 /* SceneDelegate.swift */; };
		4411D5DF29A799D00054ADE7 /* MainViewController.swift in Sources */ = {isa = PBXBuildFile; fileRef = 4411D5DE29A799D00054ADE7 /* MainViewController.swift */; };
		4411D5E229A799D00054ADE7 /* Main.storyboard in Resources */ = {isa = PBXBuildFile; fileRef = 4411D5E029A799D00054ADE7 /* Main.storyboard */; };
		4411D5E429A799D20054ADE7 /* Assets.xcassets in Resources */ = {isa = PBXBuildFile; fileRef = 4411D5E329A799D20054ADE7 /* Assets.xcassets */; };
		4411D5E729A799D20054ADE7 /* LaunchScreen.storyboard in Resources */ = {isa = PBXBuildFile; fileRef = 4411D5E529A799D20054ADE7 /* LaunchScreen.storyboard */; };
		442B138129ACB302001FEDB5 /* Level+CoreDataClass.swift in Sources */ = {isa = PBXBuildFile; fileRef = 442B137F29ACB302001FEDB5 /* Level+CoreDataClass.swift */; };
		442B138229ACB302001FEDB5 /* Level+CoreDataProperties.swift in Sources */ = {isa = PBXBuildFile; fileRef = 442B138029ACB302001FEDB5 /* Level+CoreDataProperties.swift */; };
		442C57FC29ABF4E400F47B04 /* Levels.xcdatamodeld in Sources */ = {isa = PBXBuildFile; fileRef = 442C57FA29ABF4E400F47B04 /* Levels.xcdatamodeld */; };
		442C57FE29ABF6E600F47B04 /* CoreDataStack.swift in Sources */ = {isa = PBXBuildFile; fileRef = 442C57FD29ABF6E600F47B04 /* CoreDataStack.swift */; };
		4489491829A7E7D5000BAB17 /* LvlsImagesCell.swift in Sources */ = {isa = PBXBuildFile; fileRef = 4489491729A7E7D5000BAB17 /* LvlsImagesCell.swift */; };
		4489491A29A7EF7E000BAB17 /* SettingsViewController.swift in Sources */ = {isa = PBXBuildFile; fileRef = 4489491929A7EF7E000BAB17 /* SettingsViewController.swift */; };
		4489492029A81A81000BAB17 /* GameLvlViewController.swift in Sources */ = {isa = PBXBuildFile; fileRef = 4489491F29A81A81000BAB17 /* GameLvlViewController.swift */; };
		4489492429A81D52000BAB17 /* GameLvlCell.swift in Sources */ = {isa = PBXBuildFile; fileRef = 4489492329A81D52000BAB17 /* GameLvlCell.swift */; };
		4489492629A83A65000BAB17 /* LvlEndViewController.swift in Sources */ = {isa = PBXBuildFile; fileRef = 4489492529A83A65000BAB17 /* LvlEndViewController.swift */; };
		44B6C2F729A7AE5800B560B4 /* LvlsViewController.swift in Sources */ = {isa = PBXBuildFile; fileRef = 44B6C2F629A7AE5800B560B4 /* LvlsViewController.swift */; };
		44B6C2F929A7D8C200B560B4 /* Knewave-Regular.ttf in Resources */ = {isa = PBXBuildFile; fileRef = 44B6C2F829A7D8C200B560B4 /* Knewave-Regular.ttf */; };
/* End PBXBuildFile section */

/* Begin PBXFileReference section */
		4411D5D729A799D00054ADE7 /* Juicy Sweet Story.app */ = {isa = PBXFileReference; explicitFileType = wrapper.application; includeInIndex = 0; path = "Juicy Sweet Story.app"; sourceTree = BUILT_PRODUCTS_DIR; };
		4411D5DA29A799D00054ADE7 /* AppDelegate.swift */ = {isa = PBXFileReference; lastKnownFileType = sourcecode.swift; path = AppDelegate.swift; sourceTree = "<group>"; };
		4411D5DC29A799D00054ADE7 /* SceneDelegate.swift */ = {isa = PBXFileReference; lastKnownFileType = sourcecode.swift; path = SceneDelegate.swift; sourceTree = "<group>"; };
		4411D5DE29A799D00054ADE7 /* MainViewController.swift */ = {isa = PBXFileReference; lastKnownFileType = sourcecode.swift; path = MainViewController.swift; sourceTree = "<group>"; };
		4411D5E129A799D00054ADE7 /* Base */ = {isa = PBXFileReference; lastKnownFileType = file.storyboard; name = Base; path = Base.lproj/Main.storyboard; sourceTree = "<group>"; };
		4411D5E329A799D20054ADE7 /* Assets.xcassets */ = {isa = PBXFileReference; lastKnownFileType = folder.assetcatalog; path = Assets.xcassets; sourceTree = "<group>"; };
		4411D5E629A799D20054ADE7 /* Base */ = {isa = PBXFileReference; lastKnownFileType = file.storyboard; name = Base; path = Base.lproj/LaunchScreen.storyboard; sourceTree = "<group>"; };
		4411D5E829A799D20054ADE7 /* Info.plist */ = {isa = PBXFileReference; lastKnownFileType = text.plist.xml; path = Info.plist; sourceTree = "<group>"; };
		442B137F29ACB302001FEDB5 /* Level+CoreDataClass.swift */ = {isa = PBXFileReference; lastKnownFileType = sourcecode.swift; path = "Level+CoreDataClass.swift"; sourceTree = "<group>"; };
		442B138029ACB302001FEDB5 /* Level+CoreDataProperties.swift */ = {isa = PBXFileReference; lastKnownFileType = sourcecode.swift; path = "Level+CoreDataProperties.swift"; sourceTree = "<group>"; };
		442C57FB29ABF4E400F47B04 /* Levels.xcdatamodel */ = {isa = PBXFileReference; lastKnownFileType = wrapper.xcdatamodel; path = Levels.xcdatamodel; sourceTree = "<group>"; };
		442C57FD29ABF6E600F47B04 /* CoreDataStack.swift */ = {isa = PBXFileReference; lastKnownFileType = sourcecode.swift; path = CoreDataStack.swift; sourceTree = "<group>"; };
		4489491729A7E7D5000BAB17 /* LvlsImagesCell.swift */ = {isa = PBXFileReference; lastKnownFileType = sourcecode.swift; path = LvlsImagesCell.swift; sourceTree = "<group>"; };
		4489491929A7EF7E000BAB17 /* SettingsViewController.swift */ = {isa = PBXFileReference; lastKnownFileType = sourcecode.swift; path = SettingsViewController.swift; sourceTree = "<group>"; };
		4489491F29A81A81000BAB17 /* GameLvlViewController.swift */ = {isa = PBXFileReference; lastKnownFileType = sourcecode.swift; path = GameLvlViewController.swift; sourceTree = "<group>"; };
		4489492329A81D52000BAB17 /* GameLvlCell.swift */ = {isa = PBXFileReference; lastKnownFileType = sourcecode.swift; path = GameLvlCell.swift; sourceTree = "<group>"; };
		4489492529A83A65000BAB17 /* LvlEndViewController.swift */ = {isa = PBXFileReference; lastKnownFileType = sourcecode.swift; path = LvlEndViewController.swift; sourceTree = "<group>"; };
		44B6C2F629A7AE5800B560B4 /* LvlsViewController.swift */ = {isa = PBXFileReference; lastKnownFileType = sourcecode.swift; path = LvlsViewController.swift; sourceTree = "<group>"; };
		44B6C2F829A7D8C200B560B4 /* Knewave-Regular.ttf */ = {isa = PBXFileReference; lastKnownFileType = file; path = "Knewave-Regular.ttf"; sourceTree = "<group>"; };
/* End PBXFileReference section */

/* Begin PBXFrameworksBuildPhase section */
		4411D5D429A799D00054ADE7 /* Frameworks */ = {
			isa = PBXFrameworksBuildPhase;
			buildActionMask = 2147483647;
			files = (
			);
			runOnlyForDeploymentPostprocessing = 0;
		};
/* End PBXFrameworksBuildPhase section */

/* Begin PBXGroup section */
		4411D5CE29A799D00054ADE7 = {
			isa = PBXGroup;
			children = (
				442B137F29ACB302001FEDB5 /* Level+CoreDataClass.swift */,
				442B138029ACB302001FEDB5 /* Level+CoreDataProperties.swift */,
				442C581329AC52DC00F47B04 /* Entity */,
				4411D5D929A799D00054ADE7 /* Juicy Sweet Story */,
				4411D5D829A799D00054ADE7 /* Products */,
			);
			sourceTree = "<group>";
		};
		4411D5D829A799D00054ADE7 /* Products */ = {
			isa = PBXGroup;
			children = (
				4411D5D729A799D00054ADE7 /* Juicy Sweet Story.app */,
			);
			name = Products;
			sourceTree = "<group>";
		};
		4411D5D929A799D00054ADE7 /* Juicy Sweet Story */ = {
			isa = PBXGroup;
			children = (
				4411D5DA29A799D00054ADE7 /* AppDelegate.swift */,
				442C57FD29ABF6E600F47B04 /* CoreDataStack.swift */,
				4411D5DC29A799D00054ADE7 /* SceneDelegate.swift */,
				4411D5DE29A799D00054ADE7 /* MainViewController.swift */,
				4489491929A7EF7E000BAB17 /* SettingsViewController.swift */,
				4489492129A81D1C000BAB17 /* LvlsViewController */,
				4489492229A81D33000BAB17 /* GameLvl1 */,
				4489492529A83A65000BAB17 /* LvlEndViewController.swift */,
				4411D5F429A79E5B0054ADE7 /* Font */,
				4411D5E029A799D00054ADE7 /* Main.storyboard */,
				4411D5E329A799D20054ADE7 /* Assets.xcassets */,
				4411D5E529A799D20054ADE7 /* LaunchScreen.storyboard */,
				4411D5E829A799D20054ADE7 /* Info.plist */,
			);
			path = "Juicy Sweet Story";
			sourceTree = "<group>";
		};
		4411D5F429A79E5B0054ADE7 /* Font */ = {
			isa = PBXGroup;
			children = (
				44B6C2F829A7D8C200B560B4 /* Knewave-Regular.ttf */,
			);
			path = Font;
			sourceTree = "<group>";
		};
		442C581329AC52DC00F47B04 /* Entity */ = {
			isa = PBXGroup;
			children = (
				442C57FA29ABF4E400F47B04 /* Levels.xcdatamodeld */,
			);
			path = Entity;
			sourceTree = "<group>";
		};
		4489492129A81D1C000BAB17 /* LvlsViewController */ = {
			isa = PBXGroup;
			children = (
				4489491729A7E7D5000BAB17 /* LvlsImagesCell.swift */,
				44B6C2F629A7AE5800B560B4 /* LvlsViewController.swift */,
			);
			path = LvlsViewController;
			sourceTree = "<group>";
		};
		4489492229A81D33000BAB17 /* GameLvl1 */ = {
			isa = PBXGroup;
			children = (
				4489491F29A81A81000BAB17 /* GameLvlViewController.swift */,
				4489492329A81D52000BAB17 /* GameLvlCell.swift */,
			);
			path = GameLvl1;
			sourceTree = "<group>";
		};
/* End PBXGroup section */

/* Begin PBXNativeTarget section */
		4411D5D629A799D00054ADE7 /* Juicy Sweet Story */ = {
			isa = PBXNativeTarget;
			buildConfigurationList = 4411D5EB29A799D20054ADE7 /* Build configuration list for PBXNativeTarget "Juicy Sweet Story" */;
			buildPhases = (
				4411D5D329A799D00054ADE7 /* Sources */,
				4411D5D429A799D00054ADE7 /* Frameworks */,
				4411D5D529A799D00054ADE7 /* Resources */,
			);
			buildRules = (
			);
			dependencies = (
			);
			name = "Juicy Sweet Story";
			productName = "Juicy Sweet Story";
			productReference = 4411D5D729A799D00054ADE7 /* Juicy Sweet Story.app */;
			productType = "com.apple.product-type.application";
		};
/* End PBXNativeTarget section */

/* Begin PBXProject section */
		4411D5CF29A799D00054ADE7 /* Project object */ = {
			isa = PBXProject;
			attributes = {
				BuildIndependentTargetsInParallel = 1;
				LastSwiftUpdateCheck = 1340;
				LastUpgradeCheck = 1340;
				TargetAttributes = {
					4411D5D629A799D00054ADE7 = {
						CreatedOnToolsVersion = 13.4.1;
					};
				};
			};
			buildConfigurationList = 4411D5D229A799D00054ADE7 /* Build configuration list for PBXProject "Juicy Sweet Story" */;
			compatibilityVersion = "Xcode 13.0";
			developmentRegion = en;
			hasScannedForEncodings = 0;
			knownRegions = (
				en,
				Base,
			);
			mainGroup = 4411D5CE29A799D00054ADE7;
			productRefGroup = 4411D5D829A799D00054ADE7 /* Products */;
			projectDirPath = "";
			projectRoot = "";
			targets = (
				4411D5D629A799D00054ADE7 /* Juicy Sweet Story */,
			);
		};
/* End PBXProject section */

/* Begin PBXResourcesBuildPhase section */
		4411D5D529A799D00054ADE7 /* Resources */ = {
			isa = PBXResourcesBuildPhase;
			buildActionMask = 2147483647;
			files = (
				4411D5E729A799D20054ADE7 /* LaunchScreen.storyboard in Resources */,
				4411D5E429A799D20054ADE7 /* Assets.xcassets in Resources */,
				44B6C2F929A7D8C200B560B4 /* Knewave-Regular.ttf in Resources */,
				4411D5E229A799D00054ADE7 /* Main.storyboard in Resources */,
			);
			runOnlyForDeploymentPostprocessing = 0;
		};
/* End PBXResourcesBuildPhase section */

/* Begin PBXSourcesBuildPhase section */
		4411D5D329A799D00054ADE7 /* Sources */ = {
			isa = PBXSourcesBuildPhase;
			buildActionMask = 2147483647;
			files = (
				4411D5DF29A799D00054ADE7 /* MainViewController.swift in Sources */,
				4489492029A81A81000BAB17 /* GameLvlViewController.swift in Sources */,
				4489492629A83A65000BAB17 /* LvlEndViewController.swift in Sources */,
				442B138229ACB302001FEDB5 /* Level+CoreDataProperties.swift in Sources */,
				4489491A29A7EF7E000BAB17 /* SettingsViewController.swift in Sources */,
				442B138129ACB302001FEDB5 /* Level+CoreDataClass.swift in Sources */,
				4489491829A7E7D5000BAB17 /* LvlsImagesCell.swift in Sources */,
				44B6C2F729A7AE5800B560B4 /* LvlsViewController.swift in Sources */,
				442C57FE29ABF6E600F47B04 /* CoreDataStack.swift in Sources */,
				442C57FC29ABF4E400F47B04 /* Levels.xcdatamodeld in Sources */,
				4411D5DB29A799D00054ADE7 /* AppDelegate.swift in Sources */,
				4411D5DD29A799D00054ADE7 /* SceneDelegate.swift in Sources */,
				4489492429A81D52000BAB17 /* GameLvlCell.swift in Sources */,
			);
			runOnlyForDeploymentPostprocessing = 0;
		};
/* End PBXSourcesBuildPhase section */

/* Begin PBXVariantGroup section */
		4411D5E029A799D00054ADE7 /* Main.storyboard */ = {
			isa = PBXVariantGroup;
			children = (
				4411D5E129A799D00054ADE7 /* Base */,
			);
			name = Main.storyboard;
			sourceTree = "<group>";
		};
		4411D5E529A799D20054ADE7 /* LaunchScreen.storyboard */ = {
			isa = PBXVariantGroup;
			children = (
				4411D5E629A799D20054ADE7 /* Base */,
			);
			name = LaunchScreen.storyboard;
			sourceTree = "<group>";
		};
/* End PBXVariantGroup section */

/* Begin XCBuildConfiguration section */
		4411D5E929A799D20054ADE7 /* Debug */ = {
			isa = XCBuildConfiguration;
			buildSettings = {
				ALWAYS_SEARCH_USER_PATHS = NO;
				CLANG_ANALYZER_NONNULL = YES;
				CLANG_ANALYZER_NUMBER_OBJECT_CONVERSION = YES_AGGRESSIVE;
				CLANG_CXX_LANGUAGE_STANDARD = "gnu++17";
				CLANG_ENABLE_MODULES = YES;
				CLANG_ENABLE_OBJC_ARC = YES;
				CLANG_ENABLE_OBJC_WEAK = YES;
				CLANG_WARN_BLOCK_CAPTURE_AUTORELEASING = YES;
				CLANG_WARN_BOOL_CONVERSION = YES;
				CLANG_WARN_COMMA = YES;
				CLANG_WARN_CONSTANT_CONVERSION = YES;
				CLANG_WARN_DEPRECATED_OBJC_IMPLEMENTATIONS = YES;
				CLANG_WARN_DIRECT_OBJC_ISA_USAGE = YES_ERROR;
				CLANG_WARN_DOCUMENTATION_COMMENTS = YES;
				CLANG_WARN_EMPTY_BODY = YES;
				CLANG_WARN_ENUM_CONVERSION = YES;
				CLANG_WARN_INFINITE_RECURSION = YES;
				CLANG_WARN_INT_CONVERSION = YES;
				CLANG_WARN_NON_LITERAL_NULL_CONVERSION = YES;
				CLANG_WARN_OBJC_IMPLICIT_RETAIN_SELF = YES;
				CLANG_WARN_OBJC_LITERAL_CONVERSION = YES;
				CLANG_WARN_OBJC_ROOT_CLASS = YES_ERROR;
				CLANG_WARN_QUOTED_INCLUDE_IN_FRAMEWORK_HEADER = YES;
				CLANG_WARN_RANGE_LOOP_ANALYSIS = YES;
				CLANG_WARN_STRICT_PROTOTYPES = YES;
				CLANG_WARN_SUSPICIOUS_MOVE = YES;
				CLANG_WARN_UNGUARDED_AVAILABILITY = YES_AGGRESSIVE;
				CLANG_WARN_UNREACHABLE_CODE = YES;
				CLANG_WARN__DUPLICATE_METHOD_MATCH = YES;
				COPY_PHASE_STRIP = NO;
				DEBUG_INFORMATION_FORMAT = dwarf;
				ENABLE_STRICT_OBJC_MSGSEND = YES;
				ENABLE_TESTABILITY = YES;
				GCC_C_LANGUAGE_STANDARD = gnu11;
				GCC_DYNAMIC_NO_PIC = NO;
				GCC_NO_COMMON_BLOCKS = YES;
				GCC_OPTIMIZATION_LEVEL = 0;
				GCC_PREPROCESSOR_DEFINITIONS = (
					"DEBUG=1",
					"$(inherited)",
				);
				GCC_WARN_64_TO_32_BIT_CONVERSION = YES;
				GCC_WARN_ABOUT_RETURN_TYPE = YES_ERROR;
				GCC_WARN_UNDECLARED_SELECTOR = YES;
				GCC_WARN_UNINITIALIZED_AUTOS = YES_AGGRESSIVE;
				GCC_WARN_UNUSED_FUNCTION = YES;
				GCC_WARN_UNUSED_VARIABLE = YES;
				IPHONEOS_DEPLOYMENT_TARGET = 15.5;
				MTL_ENABLE_DEBUG_INFO = INCLUDE_SOURCE;
				MTL_FAST_MATH = YES;
				ONLY_ACTIVE_ARCH = YES;
				SDKROOT = iphoneos;
				SWIFT_ACTIVE_COMPILATION_CONDITIONS = DEBUG;
				SWIFT_OPTIMIZATION_LEVEL = "-Onone";
			};
			name = Debug;
		};
		4411D5EA29A799D20054ADE7 /* Release */ = {
			isa = XCBuildConfiguration;
			buildSettings = {
				ALWAYS_SEARCH_USER_PATHS = NO;
				CLANG_ANALYZER_NONNULL = YES;
				CLANG_ANALYZER_NUMBER_OBJECT_CONVERSION = YES_AGGRESSIVE;
				CLANG_CXX_LANGUAGE_STANDARD = "gnu++17";
				CLANG_ENABLE_MODULES = YES;
				CLANG_ENABLE_OBJC_ARC = YES;
				CLANG_ENABLE_OBJC_WEAK = YES;
				CLANG_WARN_BLOCK_CAPTURE_AUTORELEASING = YES;
				CLANG_WARN_BOOL_CONVERSION = YES;
				CLANG_WARN_COMMA = YES;
				CLANG_WARN_CONSTANT_CONVERSION = YES;
				CLANG_WARN_DEPRECATED_OBJC_IMPLEMENTATIONS = YES;
				CLANG_WARN_DIRECT_OBJC_ISA_USAGE = YES_ERROR;
				CLANG_WARN_DOCUMENTATION_COMMENTS = YES;
				CLANG_WARN_EMPTY_BODY = YES;
				CLANG_WARN_ENUM_CONVERSION = YES;
				CLANG_WARN_INFINITE_RECURSION = YES;
				CLANG_WARN_INT_CONVERSION = YES;
				CLANG_WARN_NON_LITERAL_NULL_CONVERSION = YES;
				CLANG_WARN_OBJC_IMPLICIT_RETAIN_SELF = YES;
				CLANG_WARN_OBJC_LITERAL_CONVERSION = YES;
				CLANG_WARN_OBJC_ROOT_CLASS = YES_ERROR;
				CLANG_WARN_QUOTED_INCLUDE_IN_FRAMEWORK_HEADER = YES;
				CLANG_WARN_RANGE_LOOP_ANALYSIS = YES;
				CLANG_WARN_STRICT_PROTOTYPES = YES;
				CLANG_WARN_SUSPICIOUS_MOVE = YES;
				CLANG_WARN_UNGUARDED_AVAILABILITY = YES_AGGRESSIVE;
				CLANG_WARN_UNREACHABLE_CODE = YES;
				CLANG_WARN__DUPLICATE_METHOD_MATCH = YES;
				COPY_PHASE_STRIP = NO;
				DEBUG_INFORMATION_FORMAT = "dwarf-with-dsym";
				ENABLE_NS_ASSERTIONS = NO;
				ENABLE_STRICT_OBJC_MSGSEND = YES;
				GCC_C_LANGUAGE_STANDARD = gnu11;
				GCC_NO_COMMON_BLOCKS = YES;
				GCC_WARN_64_TO_32_BIT_CONVERSION = YES;
				GCC_WARN_ABOUT_RETURN_TYPE = YES_ERROR;
				GCC_WARN_UNDECLARED_SELECTOR = YES;
				GCC_WARN_UNINITIALIZED_AUTOS = YES_AGGRESSIVE;
				GCC_WARN_UNUSED_FUNCTION = YES;
				GCC_WARN_UNUSED_VARIABLE = YES;
				IPHONEOS_DEPLOYMENT_TARGET = 15.5;
				MTL_ENABLE_DEBUG_INFO = NO;
				MTL_FAST_MATH = YES;
				SDKROOT = iphoneos;
				SWIFT_COMPILATION_MODE = wholemodule;
				SWIFT_OPTIMIZATION_LEVEL = "-O";
				VALIDATE_PRODUCT = YES;
			};
			name = Release;
		};
		4411D5EC29A799D20054ADE7 /* Debug */ = {
			isa = XCBuildConfiguration;
			buildSettings = {
				ASSETCATALOG_COMPILER_APPICON_NAME = AppIcon;
				ASSETCATALOG_COMPILER_GLOBAL_ACCENT_COLOR_NAME = AccentColor;
				CODE_SIGN_STYLE = Automatic;
				CURRENT_PROJECT_VERSION = 1;
				GENERATE_INFOPLIST_FILE = YES;
				INFOPLIST_FILE = "Juicy Sweet Story/Info.plist";
				INFOPLIST_KEY_UIApplicationSupportsIndirectInputEvents = YES;
				INFOPLIST_KEY_UILaunchStoryboardName = LaunchScreen;
				INFOPLIST_KEY_UIMainStoryboardFile = Main;
				INFOPLIST_KEY_UISupportedInterfaceOrientations_iPad = "UIInterfaceOrientationPortrait UIInterfaceOrientationPortraitUpsideDown UIInterfaceOrientationLandscapeLeft UIInterfaceOrientationLandscapeRight";
				INFOPLIST_KEY_UISupportedInterfaceOrientations_iPhone = "UIInterfaceOrientationPortrait UIInterfaceOrientationLandscapeLeft UIInterfaceOrientationLandscapeRight";
				LD_RUNPATH_SEARCH_PATHS = (
					"$(inherited)",
					"@executable_path/Frameworks",
				);
				MARKETING_VERSION = 1.0;
				PRODUCT_BUNDLE_IDENTIFIER = "r.Juicy-Sweet-Story";
				PRODUCT_NAME = "$(TARGET_NAME)";
				SWIFT_EMIT_LOC_STRINGS = YES;
				SWIFT_VERSION = 5.0;
				TARGETED_DEVICE_FAMILY = "1,2";
			};
			name = Debug;
		};
		4411D5ED29A799D20054ADE7 /* Release */ = {
			isa = XCBuildConfiguration;
			buildSettings = {
				ASSETCATALOG_COMPILER_APPICON_NAME = AppIcon;
				ASSETCATALOG_COMPILER_GLOBAL_ACCENT_COLOR_NAME = AccentColor;
				CODE_SIGN_STYLE = Automatic;
				CURRENT_PROJECT_VERSION = 1;
				GENERATE_INFOPLIST_FILE = YES;
				INFOPLIST_FILE = "Juicy Sweet Story/Info.plist";
				INFOPLIST_KEY_UIApplicationSupportsIndirectInputEvents = YES;
				INFOPLIST_KEY_UILaunchStoryboardName = LaunchScreen;
				INFOPLIST_KEY_UIMainStoryboardFile = Main;
				INFOPLIST_KEY_UISupportedInterfaceOrientations_iPad = "UIInterfaceOrientationPortrait UIInterfaceOrientationPortraitUpsideDown UIInterfaceOrientationLandscapeLeft UIInterfaceOrientationLandscapeRight";
				INFOPLIST_KEY_UISupportedInterfaceOrientations_iPhone = "UIInterfaceOrientationPortrait UIInterfaceOrientationLandscapeLeft UIInterfaceOrientationLandscapeRight";
				LD_RUNPATH_SEARCH_PATHS = (
					"$(inherited)",
					"@executable_path/Frameworks",
				);
				MARKETING_VERSION = 1.0;
				PRODUCT_BUNDLE_IDENTIFIER = "r.Juicy-Sweet-Story";
				PRODUCT_NAME = "$(TARGET_NAME)";
				SWIFT_EMIT_LOC_STRINGS = YES;
				SWIFT_VERSION = 5.0;
				TARGETED_DEVICE_FAMILY = "1,2";
			};
			name = Release;
		};
/* End XCBuildConfiguration section */

/* Begin XCConfigurationList section */
		4411D5D229A799D00054ADE7 /* Build configuration list for PBXProject "Juicy Sweet Story" */ = {
			isa = XCConfigurationList;
			buildConfigurations = (
				4411D5E929A799D20054ADE7 /* Debug */,
				4411D5EA29A799D20054ADE7 /* Release */,
			);
			defaultConfigurationIsVisible = 0;
			defaultConfigurationName = Release;
		};
		4411D5EB29A799D20054ADE7 /* Build configuration list for PBXNativeTarget "Juicy Sweet Story" */ = {
			isa = XCConfigurationList;
			buildConfigurations = (
				4411D5EC29A799D20054ADE7 /* Debug */,
				4411D5ED29A799D20054ADE7 /* Release */,
			);
			defaultConfigurationIsVisible = 0;
			defaultConfigurationName = Release;
		};
/* End XCConfigurationList section */

/* Begin XCVersionGroup section */
		442C57FA29ABF4E400F47B04 /* Levels.xcdatamodeld */ = {
			isa = XCVersionGroup;
			children = (
				442C57FB29ABF4E400F47B04 /* Levels.xcdatamodel */,
			);
			currentVersion = 442C57FB29ABF4E400F47B04 /* Levels.xcdatamodel */;
			path = Levels.xcdatamodeld;
			sourceTree = "<group>";
			versionGroupType = wrapper.xcdatamodel;
		};
/* End XCVersionGroup section */
	};
	rootObject = 4411D5CF29A799D00054ADE7 /* Project object */;
}
